#MicroXplorer Configuration settings - do not modify
Mcu.Family=STM32F1
NVIC.USART3_IRQn=true\:0\:0\:true\:false\:true\:true\:true
ProjectManager.MainLocation=Core/Src
NVIC.ADC1_2_IRQn=true\:0\:0\:false\:false\:true\:true\:true
PA2.GPIO_PuPd=GPIO_PULLUP
RCC.MCOFreq_Value=32000000
PCC.Series=STM32F1
SH.S_TIM4_CH2.ConfNb=1
FATFS._USE_LFN=1
ProjectManager.KeepUserCode=true
Mcu.UserName=STM32F103C8Tx
SPI1.VirtualType=VM_MASTER
SPI2.VirtualType=VM_MASTER
PB10.Mode=Asynchronous
PCC.Seq0.Step0.CPU_Frequency=48 MHz
USART1.BaudRate=115200
PCC.Seq0.Step0.User's_Consumption=0 mA
RCC.PLLCLKFreq_Value=32000000
PC13-TAMPER-RTC.GPIOParameters=GPIO_Label
ProjectManager.functionlistsort=1-MX_GPIO_Init-GPIO-false-HAL-true,2-SystemClock_Config-RCC-false-HAL-false,3-MX_SPI1_Init-SPI1-false-HAL-true,4-MX_USART1_UART_Init-USART1-false-HAL-true,5-MX_USART3_UART_Init-USART3-false-HAL-true,6-MX_FATFS_Init-FATFS-false-HAL-false,7-MX_SPI2_Init-SPI2-false-HAL-true,8-MX_TIM4_Init-TIM4-false-HAL-true,9-MX_ADC1_Init-ADC1-false-HAL-true
PA11.GPIOParameters=PinState,GPIO_Label
VP_RTC_VS_RTC_Activate.Mode=RTC_Enabled
RCC.RTCFreq_Value=32768
RCC.ADCFreqValue=8000000
PA6.GPIO_Label=CS_MAG_LSM6D
PB0.GPIO_Label=RM3100_CS
PB11.GPIO_PuPd=GPIO_PULLUP
USART1.IPParameters=VirtualMode,BaudRate,Mode
PCC.Seq0.Step1.Duration=99 ms
PB11.Signal=USART3_RX
PB13.Signal=SPI2_SCK
PB15.Signal=SPI2_MOSI
PA2.GPIOParameters=GPIO_PuPd,GPIO_Label
PinOutPanel.RotationAngle=0
PB3.GPIO_Speed=GPIO_SPEED_FREQ_HIGH
RCC.SYSCLKSource=RCC_SYSCLKSOURCE_PLLCLK
ProjectManager.StackSize=0x400
PB5.GPIOParameters=GPIO_Speed,PinState,GPIO_Label
PD1-OSC_OUT.Signal=RCC_OSC_OUT
Mcu.IP4=RTC
RCC.FCLKCortexFreq_Value=32000000
Mcu.IP5=SPI1
Mcu.IP2=NVIC
NVIC.SVCall_IRQn=true\:0\:0\:false\:false\:true\:false\:false
PCC.Seq0.Step1.Oscillator=Regulator_LP
Mcu.IP3=RCC
PB4.GPIOParameters=GPIO_Speed,GPIO_Label
Mcu.IP0=ADC1
Mcu.IP1=FATFS
SPI1.CLKPolarity=SPI_POLARITY_HIGH
USART3.BaudRate=19200
PCC.PartNumber=STM32F103C8Tx
Mcu.UserConstants=
PB0.PinState=GPIO_PIN_SET
Mcu.ThirdPartyNb=0
SPI1.Direction=SPI_DIRECTION_1LINE
RCC.HCLKFreq_Value=32000000
Mcu.IPNb=11
ProjectManager.PreviousToolchain=
RCC.APB2TimFreq_Value=32000000
TIM4.Pulse-PWM\ Generation1\ CH1=10
PB6.Signal=S_TIM4_CH1
PB5.PinState=GPIO_PIN_SET
PCC.Seq0.Step1.TaMax=105
PB12.PinState=GPIO_PIN_SET
SPI1.CalculateBaudRate=16.0 MBits/s
PA8.GPIOParameters=GPIO_Label
Mcu.Pin6=PA1
Mcu.Pin7=PA2
Mcu.Pin8=PA4
Mcu.Pin9=PA5
PCC.Seq0.Step1.Category=In DS Table
PA1.GPIO_PuPd=GPIO_PULLUP
RCC.AHBFreq_Value=32000000
SPI2.BaudRatePrescaler=SPI_BAUDRATEPRESCALER_64
Mcu.Pin0=PC13-TAMPER-RTC
Mcu.Pin1=PC14-OSC32_IN
GPIO.groupedBy=Group By Peripherals
Mcu.Pin2=PC15-OSC32_OUT
Mcu.Pin3=PD0-OSC_IN
PA0-WKUP.GPIOParameters=GPIO_PuPd,GPIO_Label
Mcu.Pin4=PD1-OSC_OUT
Mcu.Pin5=PA0-WKUP
ADC1.Channel-0\#ChannelRegularConversion=ADC_CHANNEL_4
ProjectManager.ProjectBuild=false
NVIC.UsageFault_IRQn=true\:0\:0\:false\:false\:true\:false\:false
NVIC.DebugMonitor_IRQn=true\:0\:0\:false\:false\:true\:false\:false
PCC.Seq0.Step1.Vdd=3.3
PA8.Locked=true
PA4.Locked=true
PCC.Seq0.Step0.Voltage_Source=Battery
Mcu.IP10=USART3
PCC.Seq0.Step0.DMIPS=60.0
NVIC.SysTick_IRQn=true\:0\:0\:true\:false\:true\:false\:true
RCC.RTCClockSelection=RCC_RTCCLKSOURCE_LSE
RCC.PLLMUL=RCC_PLL_MUL8
PB12.GPIO_Label=SD_CS
ProjectManager.FirmwarePackage=STM32Cube FW_F1 V1.8.0
VP_ADC1_Vref_Input.Mode=IN-Vrefint
MxDb.Version=DB.6.0.20
PB0.GPIOParameters=PinState,GPIO_Label
PA1.GPIOParameters=GPIO_PuPd,GPIO_Label
ProjectManager.BackupPrevious=false
PC14-OSC32_IN.Mode=LSE-External-Oscillator
PA14.Mode=Serial_Wire
PB14.Mode=Full_Duplex_Master
PB1.GPIO_Label=SCA3300_CS
File.Version=6
PB8.PinState=GPIO_PIN_SET
SPI2.CalculateBaudRate=500.0 KBits/s
SH.S_TIM4_CH2.0=TIM4_CH2,PWM Generation2 CH2
PB3.GPIOParameters=GPIO_Speed,GPIO_Label
PB7.Signal=S_TIM4_CH2
PB8.Locked=true
PA8.Signal=GPIO_Input
SH.ADCx_IN4.ConfNb=1
NVIC.PendSV_IRQn=true\:0\:0\:false\:false\:true\:false\:false
TIM4.Period=20
ProjectManager.HalAssertFull=false
PB0.Locked=true
ADC1.SamplingTime-0\#ChannelRegularConversion=ADC_SAMPLETIME_13CYCLES_5
ProjectManager.ProjectName=USART_3x
PB1.PinState=GPIO_PIN_SET
RCC.PLLMCOFreq_Value=16000000
PCC.Seq0.Step0.Oscillator=HSE PLL
Mcu.Package=LQFP48
PB9.Signal=GPIO_Output
PB1.Signal=GPIO_Output
PA6.Signal=GPIO_Output
SPI2.Mode=SPI_MODE_MASTER
VP_FATFS_VS_Generic.Signal=FATFS_VS_Generic
ProjectManager.ToolChainLocation=
PA2.GPIO_Label=Tlac2
PCC.Seq0.Step1.Average_Current=14 \u00B5A
SH.GPXTI0.0=GPIO_EXTI0
VP_SYS_VS_Systick.Signal=SYS_VS_Systick
USART3.IPParameters=VirtualMode,BaudRate
PA10.Signal=USART1_RX
PCC.Checker=false
PCC.Seq0.Step0.Duration=1 ms
PB5.GPIO_Speed=GPIO_SPEED_FREQ_HIGH
PCC.Seq0.Step1.DMIPS=0.0
PB5.GPIO_Label=Display_BLK
SH.S_TIM4_CH1.0=TIM4_CH1,PWM Generation1 CH1
RCC.APB1TimFreq_Value=32000000
NVIC.BusFault_IRQn=true\:0\:0\:false\:false\:true\:false\:false
PCC.Seq0.Step0.Peripherals=
SPI2.Direction=SPI_DIRECTION_2LINES
PB13.Mode=Full_Duplex_Master
NVIC.USART1_IRQn=true\:0\:0\:false\:false\:true\:true\:true
SPI1.BaudRatePrescaler=SPI_BAUDRATEPRESCALER_2
PCC.Seq0.Step1.Mode=STOP
TIM4.Pulse-PWM\ Generation2\ CH2=10
ProjectManager.CustomerFirmwarePackage=
PB3.Locked=true
PB4.Signal=GPIO_Output
PA5.Mode=Simplex_Bidirectional_Master
PCC.Seq0.Step1.CPU_Frequency=0 Hz
PCC.Seq0.Step1.Memory=n/a
PA2.Locked=true
PB3.GPIO_Label=Display_RES
VP_RTC_VS_RTC_Activate.Signal=RTC_VS_RTC_Activate
PA6.GPIOParameters=PinState,GPIO_Label
RCC.PLLSourceVirtual=RCC_PLLSOURCE_HSE
TIM4.Channel-PWM\ Generation1\ CH1=TIM_CHANNEL_1
PCC.Seq0.Step0.Category=In DS Table
PC15-OSC32_OUT.Mode=LSE-External-Oscillator
SH.S_TIM4_CH1.ConfNb=1
ProjectManager.ProjectFileName=USART_3x.ioc
PB8.GPIOParameters=PinState,GPIO_Label
ADC1.Rank-0\#ChannelRegularConversion=1
PA7.Mode=Simplex_Bidirectional_Master
PD1-OSC_OUT.Mode=HSE-External-Oscillator
PB9.GPIO_Label=Laser_BT_pwr
PA10.Mode=Asynchronous
Mcu.PinsNb=37
PCC.Seq0.Step0.Average_Current=18.6 mA
PCC.Vdd=3.3
ProjectManager.NoMain=false
SPI1.IPParameters=VirtualType,Mode,Direction,CalculateBaudRate,BaudRatePrescaler,CLKPhase,CLKPolarity
ADC1.IPParameters=Rank-0\#ChannelRegularConversion,Channel-0\#ChannelRegularConversion,SamplingTime-0\#ChannelRegularConversion,NbrOfConversionFlag,master,NbrOfConversion
PC13-TAMPER-RTC.Signal=GPIO_Output
SH.GPXTI0.ConfNb=1
PA11.GPIO_Label=BT_CS
ProjectManager.DefaultFWLocation=true
PA6.PinState=GPIO_PIN_SET
SPI1.CLKPhase=SPI_PHASE_1EDGE
PD0-OSC_IN.Signal=RCC_OSC_IN
PB12.Locked=true
ProjectManager.DeletePrevious=true
PCC.Line=STM32F103
PC14-OSC32_IN.Signal=RCC_OSC32_IN
RCC.FamilyName=M
PA0-WKUP.GPIO_Label=Tlac0
PA0-WKUP.Signal=GPXTI0
PA0-WKUP.Locked=true
PB9.GPIOParameters=PinState,GPIO_Label
RCC.ADCPresc=RCC_ADCPCLK2_DIV4
FATFS.IPParameters=_MAX_SS,_USE_LFN
PA13.Signal=SYS_JTMS-SWDIO
PB8.GPIO_Label=Display_pwr
PCC.Seq0.Step0.TaMax=101.62
PCC.MCU=STM32F103C(8-B)Tx
PA11.Locked=true
PA9.Mode=Asynchronous
PA8.GPIO_Label=BT_STATUS
PB11.Mode=Asynchronous
ProjectManager.TargetToolchain=STM32CubeIDE
TIM4.IPParameters=Channel-PWM Generation1 CH1,Channel-PWM Generation2 CH2,OCPolarity_2,Prescaler,Pulse-PWM Generation1 CH1,Pulse-PWM Generation2 CH2,Period
PCC.Seq0.Step1.User's_Consumption=0 mA
PCC.Seq0.Step0.Mode=RUN
PA9.Signal=USART1_TX
PB11.GPIOParameters=GPIO_PuPd
PB5.Locked=true
PB9.Locked=true
SPI2.IPParameters=VirtualType,Mode,Direction,CalculateBaudRate,BaudRatePrescaler
ProjectManager.RegisterCallBack=
PC13-TAMPER-RTC.Locked=true
RCC.USBFreq_Value=32000000
TIM4.Prescaler=900
PC15-OSC32_OUT.Signal=RCC_OSC32_OUT
PA1.Signal=GPIO_Input
PB12.GPIO_Speed=GPIO_SPEED_FREQ_MEDIUM
PB1.Locked=true
VP_FATFS_VS_Generic.Mode=User_defined
PD0-OSC_IN.Mode=HSE-External-Oscillator
PB10.Signal=USART3_TX
PB14.Signal=SPI2_MISO
PA5.Signal=SPI1_SCK
board=custom
PCC.Temperature=25
ProjectManager.LastFirmware=true
PC13-TAMPER-RTC.GPIO_Label=Zelena_LED
PB15.Mode=Full_Duplex_Master
RCC.VCOOutput2Freq_Value=4000000
PB4.GPIO_Speed=GPIO_SPEED_FREQ_HIGH
TIM4.Channel-PWM\ Generation2\ CH2=TIM_CHANNEL_2
RCC.APB2Freq_Value=32000000
PCC.Seq0.Step0.Frequency=8 MHz
PCC.Seq0.Step0.Vcore=No Scale
MxCube.Version=6.2.0
PB4.GPIO_Label=Display_DC
USART1.Mode=MODE_TX_RX
Mcu.Pin35=VP_RTC_VS_RTC_Activate
Mcu.Pin36=VP_SYS_VS_Systick
SPI1.Mode=SPI_MODE_MASTER
Mcu.Pin30=PB7
PA1.GPIO_Label=Tlac1
VP_SYS_VS_Systick.Mode=SysTick
Mcu.Pin33=VP_ADC1_Vref_Input
VP_ADC1_Vref_Input.Signal=ADC1_Vref_Input
Mcu.Pin34=VP_FATFS_VS_Generic
Mcu.Pin31=PB8
SH.ADCx_IN4.0=ADC1_IN4,IN4
Mcu.Pin32=PB9
NVIC.NonMaskableInt_IRQn=true\:0\:0\:false\:false\:true\:false\:false
ADC1.NbrOfConversion=1
PA13.Mode=Serial_Wire
ProjectManager.FreePins=false
RCC.IPParameters=ADCFreqValue,ADCPresc,AHBFreq_Value,APB1Freq_Value,APB1TimFreq_Value,APB2Freq_Value,APB2TimFreq_Value,FCLKCortexFreq_Value,FamilyName,HCLKFreq_Value,HSEDivPLL,MCOFreq_Value,PLLCLKFreq_Value,PLLMCOFreq_Value,PLLMUL,PLLSourceVirtual,RTCClockSelection,RTCFreq_Value,SYSCLKFreq_VALUE,SYSCLKSource,TimSysFreq_Value,USBFreq_Value,VCOOutput2Freq_Value
ProjectManager.AskForMigrate=true
Mcu.Name=STM32F103C(8-B)Tx
Mcu.Pin26=PB3
Mcu.Pin27=PB4
PA2.Signal=GPIO_Input
Mcu.Pin24=PA13
ProjectManager.UnderRoot=true
Mcu.Pin25=PA14
TIM4.OCPolarity_2=TIM_OCPOLARITY_LOW
FATFS._MAX_SS=1024
Mcu.IP8=TIM4
Mcu.IP9=USART1
Mcu.Pin28=PB5
Mcu.IP6=SPI2
Mcu.Pin29=PB6
Mcu.IP7=SYS
ProjectManager.CoupleFile=false
PB4.Locked=true
PCC.Seq0.Step0.Memory=FLASH
PB3.Signal=GPIO_Output
NVIC.EXTI0_IRQn=true\:0\:0\:false\:false\:true\:true\:true
PA4.Signal=ADCx_IN4
RCC.SYSCLKFreq_VALUE=32000000
PB5.Signal=GPIO_Output
Mcu.Pin22=PA10
Mcu.Pin23=PA11
RCC.TimSysFreq_Value=32000000
PA1.Locked=true
Mcu.Pin20=PA8
ADC1.master=1
Mcu.Pin21=PA9
NVIC.ForceEnableDMAVector=true
KeepUserPlacement=false
USART3.VirtualMode=VM_ASYNC
RCC.HSEDivPLL=RCC_HSE_PREDIV_DIV2
NVIC.MemoryManagement_IRQn=true\:0\:0\:false\:false\:true\:false\:false
USART1.VirtualMode=VM_ASYNC
ProjectManager.CompilerOptimize=6
PB9.PinState=GPIO_PIN_SET
PA11.Signal=GPIO_Output
PA14.Signal=SYS_JTCK-SWCLK
ProjectManager.HeapSize=0x200
Mcu.Pin15=PB11
NVIC.HardFault_IRQn=true\:0\:0\:false\:false\:true\:false\:false
Mcu.Pin16=PB12
Mcu.Pin13=PB1
Mcu.Pin14=PB10
Mcu.Pin19=PB15
ProjectManager.ComputerToolchain=false
Mcu.Pin17=PB13
Mcu.Pin18=PB14
PCC.Seq0.Step1.Frequency=0 Hz
NVIC.PriorityGroup=NVIC_PRIORITYGROUP_4
ADC1.NbrOfConversionFlag=1
Mcu.Pin11=PA7
Mcu.Pin12=PB0
Mcu.Pin10=PA6
PCC.Seq0.Step1.Peripherals=
PB8.Signal=GPIO_Output
PA0-WKUP.GPIO_PuPd=GPIO_PULLUP
PCC.Seq0.Step1.Vcore=No Scale
PCC.Seq0.Step1.Voltage_Source=Battery
PCC.Seq0.Step0.Vdd=3.3
PCC.Seq0=2
PA11.PinState=GPIO_PIN_RESET
RCC.APB1Freq_Value=32000000
PB0.Signal=GPIO_Output
ProjectManager.DeviceId=STM32F103C8Tx
PB12.GPIOParameters=GPIO_Speed,PinState,GPIO_Label
PB12.Signal=GPIO_Output
ProjectManager.LibraryCopy=1
PB1.GPIOParameters=PinState,GPIO_Label
PA7.Signal=SPI1_MOSI
PA6.Locked=true
isbadioc=false
